// !$*UTF8*$!
{
	archiveVersion = 1;
	classes = {
	};
	objectVersion = 46;
	objects = {

/* Begin PBXBuildFile section */
		D43F2FF31A0D91E200AA458F /* main.m in Sources */ = {isa = PBXBuildFile; fileRef = D43F2FF21A0D91E200AA458F /* main.m */; };
		D43F2FF61A0D91E200AA458F /* AppDelegate.m in Sources */ = {isa = PBXBuildFile; fileRef = D43F2FF51A0D91E200AA458F /* AppDelegate.m */; };
		D43F2FF91A0D91E200AA458F /* ViewController.m in Sources */ = {isa = PBXBuildFile; fileRef = D43F2FF81A0D91E200AA458F /* ViewController.m */; };
		D43F2FFC1A0D91E200AA458F /* Main.storyboard in Resources */ = {isa = PBXBuildFile; fileRef = D43F2FFA1A0D91E200AA458F /* Main.storyboard */; };
		D43F2FFE1A0D91E200AA458F /* Images.xcassets in Resources */ = {isa = PBXBuildFile; fileRef = D43F2FFD1A0D91E200AA458F /* Images.xcassets */; };
		D43F30011A0D91E200AA458F /* LaunchScreen.xib in Resources */ = {isa = PBXBuildFile; fileRef = D43F2FFF1A0D91E200AA458F /* LaunchScreen.xib */; };
		D43F300D1A0D91E300AA458F /* AQSTwitterActivityTests.m in Sources */ = {isa = PBXBuildFile; fileRef = D43F300C1A0D91E300AA458F /* AQSTwitterActivityTests.m */; };
		D43F30181A0D946100AA458F /* AQSTwitterActivity.xcassets in Resources */ = {isa = PBXBuildFile; fileRef = D43F30171A0D946100AA458F /* AQSTwitterActivity.xcassets */; };
		D43F301B1A0D947A00AA458F /* AQSTwitterActivity.m in Sources */ = {isa = PBXBuildFile; fileRef = D43F301A1A0D947A00AA458F /* AQSTwitterActivity.m */; };
/* End PBXBuildFile section */

/* Begin PBXContainerItemProxy section */
		D43F30071A0D91E300AA458F /* PBXContainerItemProxy */ = {
			isa = PBXContainerItemProxy;
			containerPortal = D43F2FE51A0D91E200AA458F /* Project object */;
			proxyType = 1;
			remoteGlobalIDString = D43F2FEC1A0D91E200AA458F;
			remoteInfo = AQSTwitterActivity;
		};
/* End PBXContainerItemProxy section */

/* Begin PBXFileReference section */
		D43F2FED1A0D91E200AA458F /* AQSTwitterActivity.app */ = {isa = PBXFileReference; explicitFileType = wrapper.application; includeInIndex = 0; path = AQSTwitterActivity.app; sourceTree = BUILT_PRODUCTS_DIR; };
		D43F2FF11A0D91E200AA458F /* Info.plist */ = {isa = PBXFileReference; lastKnownFileType = text.plist.xml; path = Info.plist; sourceTree = "<group>"; };
		D43F2FF21A0D91E200AA458F /* main.m */ = {isa = PBXFileReference; lastKnownFileType = sourcecode.c.objc; path = main.m; sourceTree = "<group>"; };
		D43F2FF41A0D91E200AA458F /* AppDelegate.h */ = {isa = PBXFileReference; lastKnownFileType = sourcecode.c.h; path = AppDelegate.h; sourceTree = "<group>"; };
		D43F2FF51A0D91E200AA458F /* AppDelegate.m */ = {isa = PBXFileReference; lastKnownFileType = sourcecode.c.objc; path = AppDelegate.m; sourceTree = "<group>"; };
		D43F2FF71A0D91E200AA458F /* ViewController.h */ = {isa = PBXFileReference; lastKnownFileType = sourcecode.c.h; path = ViewController.h; sourceTree = "<group>"; };
		D43F2FF81A0D91E200AA458F /* ViewController.m */ = {isa = PBXFileReference; lastKnownFileType = sourcecode.c.objc; path = ViewController.m; sourceTree = "<group>"; };
		D43F2FFB1A0D91E200AA458F /* Base */ = {isa = PBXFileReference; lastKnownFileType = file.storyboard; name = Base; path = Base.lproj/Main.storyboard; sourceTree = "<group>"; };
		D43F2FFD1A0D91E200AA458F /* Images.xcassets */ = {isa = PBXFileReference; lastKnownFileType = folder.assetcatalog; path = Images.xcassets; sourceTree = "<group>"; };
		D43F30001A0D91E200AA458F /* Base */ = {isa = PBXFileReference; lastKnownFileType = file.xib; name = Base; path = Base.lproj/LaunchScreen.xib; sourceTree = "<group>"; };
		D43F30061A0D91E300AA458F /* AQSTwitterActivityTests.xctest */ = {isa = PBXFileReference; explicitFileType = wrapper.cfbundle; includeInIndex = 0; path = AQSTwitterActivityTests.xctest; sourceTree = BUILT_PRODUCTS_DIR; };
		D43F300B1A0D91E300AA458F /* Info.plist */ = {isa = PBXFileReference; lastKnownFileType = text.plist.xml; path = Info.plist; sourceTree = "<group>"; };
		D43F300C1A0D91E300AA458F /* AQSTwitterActivityTests.m */ = {isa = PBXFileReference; lastKnownFileType = sourcecode.c.objc; path = AQSTwitterActivityTests.m; sourceTree = "<group>"; };
		D43F30171A0D946100AA458F /* AQSTwitterActivity.xcassets */ = {isa = PBXFileReference; lastKnownFileType = folder.assetcatalog; path = AQSTwitterActivity.xcassets; sourceTree = "<group>"; };
		D43F30191A0D947A00AA458F /* AQSTwitterActivity.h */ = {isa = PBXFileReference; fileEncoding = 4; lastKnownFileType = sourcecode.c.h; path = AQSTwitterActivity.h; sourceTree = "<group>"; };
		D43F301A1A0D947A00AA458F /* AQSTwitterActivity.m */ = {isa = PBXFileReference; fileEncoding = 4; lastKnownFileType = sourcecode.c.objc; path = AQSTwitterActivity.m; sourceTree = "<group>"; };
/* End PBXFileReference section */

/* Begin PBXFrameworksBuildPhase section */
		D43F2FEA1A0D91E200AA458F /* Frameworks */ = {
			isa = PBXFrameworksBuildPhase;
			buildActionMask = 2147483647;
			files = (
			);
			runOnlyForDeploymentPostprocessing = 0;
		};
		D43F30031A0D91E300AA458F /* Frameworks */ = {
			isa = PBXFrameworksBuildPhase;
			buildActionMask = 2147483647;
			files = (
			);
			runOnlyForDeploymentPostprocessing = 0;
		};
/* End PBXFrameworksBuildPhase section */

/* Begin PBXGroup section */
		D43F2FE41A0D91E200AA458F = {
			isa = PBXGroup;
			children = (
				D43F2FEF1A0D91E200AA458F /* AQSTwitterActivity */,
				D43F30091A0D91E300AA458F /* AQSTwitterActivityTests */,
				D43F2FEE1A0D91E200AA458F /* Products */,
			);
			sourceTree = "<group>";
		};
		D43F2FEE1A0D91E200AA458F /* Products */ = {
			isa = PBXGroup;
			children = (
				D43F2FED1A0D91E200AA458F /* AQSTwitterActivity.app */,
				D43F30061A0D91E300AA458F /* AQSTwitterActivityTests.xctest */,
			);
			name = Products;
			sourceTree = "<group>";
		};
		D43F2FEF1A0D91E200AA458F /* AQSTwitterActivity */ = {
			isa = PBXGroup;
			children = (
				D43F30161A0D944500AA458F /* Classes */,
				D43F2FF41A0D91E200AA458F /* AppDelegate.h */,
				D43F2FF51A0D91E200AA458F /* AppDelegate.m */,
				D43F2FF71A0D91E200AA458F /* ViewController.h */,
				D43F2FF81A0D91E200AA458F /* ViewController.m */,
				D43F2FFA1A0D91E200AA458F /* Main.storyboard */,
				D43F2FFD1A0D91E200AA458F /* Images.xcassets */,
				D43F2FFF1A0D91E200AA458F /* LaunchScreen.xib */,
				D43F2FF01A0D91E200AA458F /* Supporting Files */,
			);
			path = AQSTwitterActivity;
			sourceTree = "<group>";
		};
		D43F2FF01A0D91E200AA458F /* Supporting Files */ = {
			isa = PBXGroup;
			children = (
				D43F2FF11A0D91E200AA458F /* Info.plist */,
				D43F2FF21A0D91E200AA458F /* main.m */,
			);
			name = "Supporting Files";
			sourceTree = "<group>";
		};
		D43F30091A0D91E300AA458F /* AQSTwitterActivityTests */ = {
			isa = PBXGroup;
			children = (
				D43F300C1A0D91E300AA458F /* AQSTwitterActivityTests.m */,
				D43F300A1A0D91E300AA458F /* Supporting Files */,
			);
			path = AQSTwitterActivityTests;
			sourceTree = "<group>";
		};
		D43F300A1A0D91E300AA458F /* Supporting Files */ = {
			isa = PBXGroup;
			children = (
				D43F300B1A0D91E300AA458F /* Info.plist */,
			);
			name = "Supporting Files";
			sourceTree = "<group>";
		};
		D43F30161A0D944500AA458F /* Classes */ = {
			isa = PBXGroup;
			children = (
				D43F30171A0D946100AA458F /* AQSTwitterActivity.xcassets */,
				D43F30191A0D947A00AA458F /* AQSTwitterActivity.h */,
				D43F301A1A0D947A00AA458F /* AQSTwitterActivity.m */,
			);
			path = Classes;
			sourceTree = "<group>";
		};
/* End PBXGroup section */

/* Begin PBXNativeTarget section */
		D43F2FEC1A0D91E200AA458F /* AQSTwitterActivity */ = {
			isa = PBXNativeTarget;
			buildConfigurationList = D43F30101A0D91E300AA458F /* Build configuration list for PBXNativeTarget "AQSTwitterActivity" */;
			buildPhases = (
				D43F2FE91A0D91E200AA458F /* Sources */,
				D43F2FEA1A0D91E200AA458F /* Frameworks */,
				D43F2FEB1A0D91E200AA458F /* Resources */,
			);
			buildRules = (
			);
			dependencies = (
			);
			name = AQSTwitterActivity;
			productName = AQSTwitterActivity;
			productReference = D43F2FED1A0D91E200AA458F /* AQSTwitterActivity.app */;
			productType = "com.apple.product-type.application";
		};
		D43F30051A0D91E300AA458F /* AQSTwitterActivityTests */ = {
			isa = PBXNativeTarget;
			buildConfigurationList = D43F30131A0D91E300AA458F /* Build configuration list for PBXNativeTarget "AQSTwitterActivityTests" */;
			buildPhases = (
				D43F30021A0D91E300AA458F /* Sources */,
				D43F30031A0D91E300AA458F /* Frameworks */,
				D43F30041A0D91E300AA458F /* Resources */,
			);
			buildRules = (
			);
			dependencies = (
				D43F30081A0D91E300AA458F /* PBXTargetDependency */,
			);
			name = AQSTwitterActivityTests;
			productName = AQSTwitterActivityTests;
			productReference = D43F30061A0D91E300AA458F /* AQSTwitterActivityTests.xctest */;
			productType = "com.apple.product-type.bundle.unit-test";
		};
/* End PBXNativeTarget section */

/* Begin PBXProject section */
		D43F2FE51A0D91E200AA458F /* Project object */ = {
			isa = PBXProject;
			attributes = {
				LastUpgradeCheck = 0610;
				ORGANIZATIONNAME = Aquamarine;
				TargetAttributes = {
					D43F2FEC1A0D91E200AA458F = {
						CreatedOnToolsVersion = 6.1;
					};
					D43F30051A0D91E300AA458F = {
						CreatedOnToolsVersion = 6.1;
						TestTargetID = D43F2FEC1A0D91E200AA458F;
					};
				};
			};
			buildConfigurationList = D43F2FE81A0D91E200AA458F /* Build configuration list for PBXProject "AQSTwitterActivity" */;
			compatibilityVersion = "Xcode 3.2";
			developmentRegion = English;
			hasScannedForEncodings = 0;
			knownRegions = (
				en,
				Base,
			);
			mainGroup = D43F2FE41A0D91E200AA458F;
			productRefGroup = D43F2FEE1A0D91E200AA458F /* Products */;
			projectDirPath = "";
			projectRoot = "";
			targets = (
				D43F2FEC1A0D91E200AA458F /* AQSTwitterActivity */,
				D43F30051A0D91E300AA458F /* AQSTwitterActivityTests */,
			);
		};
/* End PBXProject section */

/* Begin PBXResourcesBuildPhase section */
		D43F2FEB1A0D91E200AA458F /* Resources */ = {
			isa = PBXResourcesBuildPhase;
			buildActionMask = 2147483647;
			files = (
				D43F30181A0D946100AA458F /* AQSTwitterActivity.xcassets in Resources */,
				D43F2FFC1A0D91E200AA458F /* Main.storyboard in Resources */,
				D43F30011A0D91E200AA458F /* LaunchScreen.xib in Resources */,
				D43F2FFE1A0D91E200AA458F /* Images.xcassets in Resources */,
			);
			runOnlyForDeploymentPostprocessing = 0;
		};
		D43F30041A0D91E300AA458F /* Resources */ = {
			isa = PBXResourcesBuildPhase;
			buildActionMask = 2147483647;
			files = (
			);
			runOnlyForDeploymentPostprocessing = 0;
		};
/* End PBXResourcesBuildPhase section */

/* Begin PBXSourcesBuildPhase section */
		D43F2FE91A0D91E200AA458F /* Sources */ = {
			isa = PBXSourcesBuildPhase;
			buildActionMask = 2147483647;
			files = (
				D43F301B1A0D947A00AA458F /* AQSTwitterActivity.m in Sources */,
				D43F2FF91A0D91E200AA458F /* ViewController.m in Sources */,
				D43F2FF61A0D91E200AA458F /* AppDelegate.m in Sources */,
				D43F2FF31A0D91E200AA458F /* main.m in Sources */,
			);
			runOnlyForDeploymentPostprocessing = 0;
		};
		D43F30021A0D91E300AA458F /* Sources */ = {
			isa = PBXSourcesBuildPhase;
			buildActionMask = 2147483647;
			files = (
				D43F300D1A0D91E300AA458F /* AQSTwitterActivityTests.m in Sources */,
			);
			runOnlyForDeploymentPostprocessing = 0;
		};
/* End PBXSourcesBuildPhase section */

/* Begin PBXTargetDependency section */
		D43F30081A0D91E300AA458F /* PBXTargetDependency */ = {
			isa = PBXTargetDependency;
			target = D43F2FEC1A0D91E200AA458F /* AQSTwitterActivity */;
			targetProxy = D43F30071A0D91E300AA458F /* PBXContainerItemProxy */;
		};
/* End PBXTargetDependency section */

/* Begin PBXVariantGroup section */
		D43F2FFA1A0D91E200AA458F /* Main.storyboard */ = {
			isa = PBXVariantGroup;
			children = (
				D43F2FFB1A0D91E200AA458F /* Base */,
			);
			name = Main.storyboard;
			sourceTree = "<group>";
		};
		D43F2FFF1A0D91E200AA458F /* LaunchScreen.xib */ = {
			isa = PBXVariantGroup;
			children = (
				D43F30001A0D91E200AA458F /* Base */,
			);
			name = LaunchScreen.xib;
			sourceTree = "<group>";
		};
/* End PBXVariantGroup section */

/* Begin XCBuildConfiguration section */
		D43F300E1A0D91E300AA458F /* Debug */ = {
			isa = XCBuildConfiguration;
			buildSettings = {
				ALWAYS_SEARCH_USER_PATHS = NO;
				CLANG_CXX_LANGUAGE_STANDARD = "gnu++0x";
				CLANG_CXX_LIBRARY = "libc++";
				CLANG_ENABLE_MODULES = YES;
				CLANG_ENABLE_OBJC_ARC = YES;
				CLANG_WARN_BOOL_CONVERSION = YES;
				CLANG_WARN_CONSTANT_CONVERSION = YES;
				CLANG_WARN_DIRECT_OBJC_ISA_USAGE = YES_ERROR;
				CLANG_WARN_EMPTY_BODY = YES;
				CLANG_WARN_ENUM_CONVERSION = YES;
				CLANG_WARN_INT_CONVERSION = YES;
				CLANG_WARN_OBJC_ROOT_CLASS = YES_ERROR;
				CLANG_WARN_UNREACHABLE_CODE = YES;
				CLANG_WARN__DUPLICATE_METHOD_MATCH = YES;
				"CODE_SIGN_IDENTITY[sdk=iphoneos*]" = "iPhone Developer";
				COPY_PHASE_STRIP = NO;
				ENABLE_STRICT_OBJC_MSGSEND = YES;
				GCC_C_LANGUAGE_STANDARD = gnu99;
				GCC_DYNAMIC_NO_PIC = NO;
				GCC_OPTIMIZATION_LEVEL = 0;
				GCC_PREPROCESSOR_DEFINITIONS = (
					"DEBUG=1",
					"$(inherited)",
				);
				GCC_SYMBOLS_PRIVATE_EXTERN = NO;
				GCC_WARN_64_TO_32_BIT_CONVERSION = YES;
				GCC_WARN_ABOUT_RETURN_TYPE = YES_ERROR;
				GCC_WARN_UNDECLARED_SELECTOR = YES;
				GCC_WARN_UNINITIALIZED_AUTOS = YES_AGGRESSIVE;
				GCC_WARN_UNUSED_FUNCTION = YES;
				GCC_WARN_UNUSED_VARIABLE = YES;
				IPHONEOS_DEPLOYMENT_TARGET = 8.1;
				MTL_ENABLE_DEBUG_INFO = YES;
				ONLY_ACTIVE_ARCH = YES;
				SDKROOT = iphoneos;
			};
			name = Debug;
		};
		D43F300F1A0D91E300AA458F /* Release */ = {
			isa = XCBuildConfiguration;
			buildSettings = {
				ALWAYS_SEARCH_USER_PATHS = NO;
				CLANG_CXX_LANGUAGE_STANDARD = "gnu++0x";
				CLANG_CXX_LIBRARY = "libc++";
				CLANG_ENABLE_MODULES = YES;
				CLANG_ENABLE_OBJC_ARC = YES;
				CLANG_WARN_BOOL_CONVERSION = YES;
				CLANG_WARN_CONSTANT_CONVERSION = YES;
				CLANG_WARN_DIRECT_OBJC_ISA_USAGE = YES_ERROR;
				CLANG_WARN_EMPTY_BODY = YES;
				CLANG_WARN_ENUM_CONVERSION = YES;
				CLANG_WARN_INT_CONVERSION = YES;
				CLANG_WARN_OBJC_ROOT_CLASS = YES_ERROR;
				CLANG_WARN_UNREACHABLE_CODE = YES;
				CLANG_WARN__DUPLICATE_METHOD_MATCH = YES;
				"CODE_SIGN_IDENTITY[sdk=iphoneos*]" = "iPhone Developer";
				COPY_PHASE_STRIP = YES;
				ENABLE_NS_ASSERTIONS = NO;
				ENABLE_STRICT_OBJC_MSGSEND = YES;
				GCC_C_LANGUAGE_STANDARD = gnu99;
				GCC_WARN_64_TO_32_BIT_CONVERSION = YES;
				GCC_WARN_ABOUT_RETURN_TYPE = YES_ERROR;
				GCC_WARN_UNDECLARED_SELECTOR = YES;
				GCC_WARN_UNINITIALIZED_AUTOS = YES_AGGRESSIVE;
				GCC_WARN_UNUSED_FUNCTION = YES;
				GCC_WARN_UNUSED_VARIABLE = YES;
				IPHONEOS_DEPLOYMENT_TARGET = 8.1;
				MTL_ENABLE_DEBUG_INFO = NO;
				SDKROOT = iphoneos;
				VALIDATE_PRODUCT = YES;
			};
			name = Release;
		};
		D43F30111A0D91E300AA458F /* Debug */ = {
			isa = XCBuildConfiguration;
			buildSettings = {
				ASSETCATALOG_COMPILER_APPICON_NAME = AppIcon;
				INFOPLIST_FILE = AQSTwitterActivity/Info.plist;
				IPHONEOS_DEPLOYMENT_TARGET = 7.0;
				LD_RUNPATH_SEARCH_PATHS = "$(inherited) @executable_path/Frameworks";
				PRODUCT_NAME = "$(TARGET_NAME)";
			};
			name = Debug;
		};
		D43F30121A0D91E300AA458F /* Release */ = {
			isa = XCBuildConfiguration;
			buildSettings = {
				ASSETCATALOG_COMPILER_APPICON_NAME = AppIcon;
				INFOPLIST_FILE = AQSTwitterActivity/Info.plist;
				IPHONEOS_DEPLOYMENT_TARGET = 7.0;
				LD_RUNPATH_SEARCH_PATHS = "$(inherited) @executable_path/Frameworks";
				PRODUCT_NAME = "$(TARGET_NAME)";
			};
			name = Release;
		};
		D43F30141A0D91E300AA458F /* Debug */ = {
			isa = XCBuildConfiguration;
			buildSettings = {
				BUNDLE_LOADER = "$(TEST_HOST)";
				FRAMEWORK_SEARCH_PATHS = (
					"$(SDKROOT)/Developer/Library/Frameworks",
					"$(inherited)",
				);
				GCC_PREPROCESSOR_DEFINITIONS = (
					"DEBUG=1",
					"$(inherited)",
				);
				INFOPLIST_FILE = AQSTwitterActivityTests/Info.plist;
				LD_RUNPATH_SEARCH_PATHS = "$(inherited) @executable_path/Frameworks @loader_path/Frameworks";
				PRODUCT_NAME = "$(TARGET_NAME)";
				TEST_HOST = "$(BUILT_PRODUCTS_DIR)/AQSTwitterActivity.app/AQSTwitterActivity";
			};
			name = Debug;
		};
		D43F30151A0D91E300AA458F /* Release */ = {
			isa = XCBuildConfiguration;
			buildSettings = {
				BUNDLE_LOADER = "$(TEST_HOST)";
				FRAMEWORK_SEARCH_PATHS = (
					"$(SDKROOT)/Developer/Library/Frameworks",
					"$(inherited)",
				);
				INFOPLIST_FILE = AQSTwitterActivityTests/Info.plist;
				LD_RUNPATH_SEARCH_PATHS = "$(inherited) @executable_path/Frameworks @loader_path/Frameworks";
				PRODUCT_NAME = "$(TARGET_NAME)";
				TEST_HOST = "$(BUILT_PRODUCTS_DIR)/AQSTwitterActivity.app/AQSTwitterActivity";
			};
			name = Release;
		};
/* End XCBuildConfiguration section */

/* Begin XCConfigurationList section */
		D43F2FE81A0D91E200AA458F /* Build configuration list for PBXProject "AQSTwitterActivity" */ = {
			isa = XCConfigurationList;
			buildConfigurations = (
				D43F300E1A0D91E300AA458F /* Debug */,
				D43F300F1A0D91E300AA458F /* Release */,
			);
			defaultConfigurationIsVisible = 0;
			defaultConfigurationName = Release;
		};
		D43F30101A0D91E300AA458F /* Build configuration list for PBXNativeTarget "AQSTwitterActivity" */ = {
			isa = XCConfigurationList;
			buildConfigurations = (
				D43F30111A0D91E300AA458F /* Debug */,
				D43F30121A0D91E300AA458F /* Release */,
			);
			defaultConfigurationIsVisible = 0;
		};
		D43F30131A0D91E300AA458F /* Build configuration list for PBXNativeTarget "AQSTwitterActivityTests" */ = {
			isa = XCConfigurationList;
			buildConfigurations = (
				D43F30141A0D91E300AA458F /* Debug */,
				D43F30151A0D91E300AA458F /* Release */,
			);
			defaultConfigurationIsVisible = 0;
		};
/* End XCConfigurationList section */
	};
	rootObject = D43F2FE51A0D91E200AA458F /* Project object */;
}
